// !$*UTF8*$!
{
	archiveVersion = 1;
	classes = {
	};
	objectVersion = 46;
	objects = {

/* Begin PBXBuildFile section */
		3140566016127DFA006EC70A /* UIKit.framework in Frameworks */ = {isa = PBXBuildFile; fileRef = 3140565F16127DFA006EC70A /* UIKit.framework */; };
		3140566216127DFA006EC70A /* Foundation.framework in Frameworks */ = {isa = PBXBuildFile; fileRef = 3140566116127DFA006EC70A /* Foundation.framework */; };
		3140566416127DFA006EC70A /* CoreGraphics.framework in Frameworks */ = {isa = PBXBuildFile; fileRef = 3140566316127DFA006EC70A /* CoreGraphics.framework */; };
		3140566A16127DFA006EC70A /* InfoPlist.strings in Resources */ = {isa = PBXBuildFile; fileRef = 3140566816127DFA006EC70A /* InfoPlist.strings */; };
		3140566C16127DFA006EC70A /* main.m in Sources */ = {isa = PBXBuildFile; fileRef = 3140566B16127DFA006EC70A /* main.m */; };
		3140567816127DFA006EC70A /* SenTestingKit.framework in Frameworks */ = {isa = PBXBuildFile; fileRef = 3140567716127DFA006EC70A /* SenTestingKit.framework */; };
		3140567916127DFA006EC70A /* UIKit.framework in Frameworks */ = {isa = PBXBuildFile; fileRef = 3140565F16127DFA006EC70A /* UIKit.framework */; };
		3140567A16127DFA006EC70A /* Foundation.framework in Frameworks */ = {isa = PBXBuildFile; fileRef = 3140566116127DFA006EC70A /* Foundation.framework */; };
		3140568216127DFA006EC70A /* InfoPlist.strings in Resources */ = {isa = PBXBuildFile; fileRef = 3140568016127DFA006EC70A /* InfoPlist.strings */; };
		3140568516127DFA006EC70A /* Project_1Tests.m in Sources */ = {isa = PBXBuildFile; fileRef = 3140568416127DFA006EC70A /* Project_1Tests.m */; };
		31DA95F416137D81004A9C54 /* AppDelegate.m in Sources */ = {isa = PBXBuildFile; fileRef = 3140566F16127DFA006EC70A /* AppDelegate.m */; };
/* End PBXBuildFile section */

/* Begin PBXContainerItemProxy section */
		3140567B16127DFA006EC70A /* PBXContainerItemProxy */ = {
			isa = PBXContainerItemProxy;
			containerPortal = 3140565216127DFA006EC70A /* Project object */;
			proxyType = 1;
			remoteGlobalIDString = 3140565A16127DFA006EC70A;
			remoteInfo = "Project-1";
		};
/* End PBXContainerItemProxy section */

/* Begin PBXFileReference section */
		3140565B16127DFA006EC70A /* Project-1.app */ = {isa = PBXFileReference; explicitFileType = wrapper.application; includeInIndex = 0; path = "Project-1.app"; sourceTree = BUILT_PRODUCTS_DIR; };
		3140565F16127DFA006EC70A /* UIKit.framework */ = {isa = PBXFileReference; lastKnownFileType = wrapper.framework; name = UIKit.framework; path = System/Library/Frameworks/UIKit.framework; sourceTree = SDKROOT; };
		3140566116127DFA006EC70A /* Foundation.framework */ = {isa = PBXFileReference; lastKnownFileType = wrapper.framework; name = Foundation.framework; path = System/Library/Frameworks/Foundation.framework; sourceTree = SDKROOT; };
		3140566316127DFA006EC70A /* CoreGraphics.framework */ = {isa = PBXFileReference; lastKnownFileType = wrapper.framework; name = CoreGraphics.framework; path = System/Library/Frameworks/CoreGraphics.framework; sourceTree = SDKROOT; };
		3140566716127DFA006EC70A /* Project-1-Info.plist */ = {isa = PBXFileReference; lastKnownFileType = text.plist.xml; path = "Project-1-Info.plist"; sourceTree = "<group>"; };
		3140566916127DFA006EC70A /* en */ = {isa = PBXFileReference; lastKnownFileType = text.plist.strings; name = en; path = en.lproj/InfoPlist.strings; sourceTree = "<group>"; };
		3140566B16127DFA006EC70A /* main.m */ = {isa = PBXFileReference; lastKnownFileType = sourcecode.c.objc; path = main.m; sourceTree = "<group>"; };
		3140566D16127DFA006EC70A /* Project-1-Prefix.pch */ = {isa = PBXFileReference; lastKnownFileType = sourcecode.c.h; path = "Project-1-Prefix.pch"; sourceTree = "<group>"; };
		3140566E16127DFA006EC70A /* AppDelegate.h */ = {isa = PBXFileReference; lastKnownFileType = sourcecode.c.h; path = AppDelegate.h; sourceTree = "<group>"; };
		3140566F16127DFA006EC70A /* AppDelegate.m */ = {isa = PBXFileReference; lastKnownFileType = sourcecode.c.objc; path = AppDelegate.m; sourceTree = "<group>"; };
		3140567616127DFA006EC70A /* Project-1Tests.octest */ = {isa = PBXFileReference; explicitFileType = wrapper.cfbundle; includeInIndex = 0; path = "Project-1Tests.octest"; sourceTree = BUILT_PRODUCTS_DIR; };
		3140567716127DFA006EC70A /* SenTestingKit.framework */ = {isa = PBXFileReference; lastKnownFileType = wrapper.framework; name = SenTestingKit.framework; path = Library/Frameworks/SenTestingKit.framework; sourceTree = DEVELOPER_DIR; };
		3140567F16127DFA006EC70A /* Project-1Tests-Info.plist */ = {isa = PBXFileReference; lastKnownFileType = text.plist.xml; path = "Project-1Tests-Info.plist"; sourceTree = "<group>"; };
		3140568116127DFA006EC70A /* en */ = {isa = PBXFileReference; lastKnownFileType = text.plist.strings; name = en; path = en.lproj/InfoPlist.strings; sourceTree = "<group>"; };
		3140568316127DFA006EC70A /* Project_1Tests.h */ = {isa = PBXFileReference; lastKnownFileType = sourcecode.c.h; path = Project_1Tests.h; sourceTree = "<group>"; };
		3140568416127DFA006EC70A /* Project_1Tests.m */ = {isa = PBXFileReference; lastKnownFileType = sourcecode.c.objc; path = Project_1Tests.m; sourceTree = "<group>"; };
/* End PBXFileReference section */

/* Begin PBXFrameworksBuildPhase section */
		3140565816127DFA006EC70A /* Frameworks */ = {
			isa = PBXFrameworksBuildPhase;
			buildActionMask = 2147483647;
			files = (
				3140566016127DFA006EC70A /* UIKit.framework in Frameworks */,
				3140566216127DFA006EC70A /* Foundation.framework in Frameworks */,
				3140566416127DFA006EC70A /* CoreGraphics.framework in Frameworks */,
			);
			runOnlyForDeploymentPostprocessing = 0;
		};
		3140567216127DFA006EC70A /* Frameworks */ = {
			isa = PBXFrameworksBuildPhase;
			buildActionMask = 2147483647;
			files = (
				3140567816127DFA006EC70A /* SenTestingKit.framework in Frameworks */,
				3140567916127DFA006EC70A /* UIKit.framework in Frameworks */,
				3140567A16127DFA006EC70A /* Foundation.framework in Frameworks */,
			);
			runOnlyForDeploymentPostprocessing = 0;
		};
/* End PBXFrameworksBuildPhase section */

/* Begin PBXGroup section */
		3140565016127DFA006EC70A = {
			isa = PBXGroup;
			children = (
				3140566516127DFA006EC70A /* Project-1 */,
				3140567D16127DFA006EC70A /* Project-1Tests */,
				3140565E16127DFA006EC70A /* Frameworks */,
				3140565C16127DFA006EC70A /* Products */,
			);
			sourceTree = "<group>";
		};
		3140565C16127DFA006EC70A /* Products */ = {
			isa = PBXGroup;
			children = (
				3140565B16127DFA006EC70A /* Project-1.app */,
				3140567616127DFA006EC70A /* Project-1Tests.octest */,
			);
			name = Products;
			sourceTree = "<group>";
		};
		3140565E16127DFA006EC70A /* Frameworks */ = {
			isa = PBXGroup;
			children = (
				3140565F16127DFA006EC70A /* UIKit.framework */,
				3140566116127DFA006EC70A /* Foundation.framework */,
				3140566316127DFA006EC70A /* CoreGraphics.framework */,
				3140567716127DFA006EC70A /* SenTestingKit.framework */,
			);
			name = Frameworks;
			sourceTree = "<group>";
		};
		3140566516127DFA006EC70A /* Project-1 */ = {
			isa = PBXGroup;
			children = (
				3140566E16127DFA006EC70A /* AppDelegate.h */,
				3140566F16127DFA006EC70A /* AppDelegate.m */,
				3140566616127DFA006EC70A /* Supporting Files */,
			);
			path = "Project-1";
			sourceTree = "<group>";
		};
		3140566616127DFA006EC70A /* Supporting Files */ = {
			isa = PBXGroup;
			children = (
				3140566716127DFA006EC70A /* Project-1-Info.plist */,
				3140566816127DFA006EC70A /* InfoPlist.strings */,
				3140566B16127DFA006EC70A /* main.m */,
				3140566D16127DFA006EC70A /* Project-1-Prefix.pch */,
			);
			name = "Supporting Files";
			sourceTree = "<group>";
		};
		3140567D16127DFA006EC70A /* Project-1Tests */ = {
			isa = PBXGroup;
			children = (
				3140568316127DFA006EC70A /* Project_1Tests.h */,
				3140568416127DFA006EC70A /* Project_1Tests.m */,
				3140567E16127DFA006EC70A /* Supporting Files */,
			);
			path = "Project-1Tests";
			sourceTree = "<group>";
		};
		3140567E16127DFA006EC70A /* Supporting Files */ = {
			isa = PBXGroup;
			children = (
				3140567F16127DFA006EC70A /* Project-1Tests-Info.plist */,
				3140568016127DFA006EC70A /* InfoPlist.strings */,
			);
			name = "Supporting Files";
			sourceTree = "<group>";
		};
/* End PBXGroup section */

/* Begin PBXNativeTarget section */
		3140565A16127DFA006EC70A /* Project-1 */ = {
			isa = PBXNativeTarget;
			buildConfigurationList = 3140568816127DFA006EC70A /* Build configuration list for PBXNativeTarget "Project-1" */;
			buildPhases = (
				3140565716127DFA006EC70A /* Sources */,
				3140565816127DFA006EC70A /* Frameworks */,
				3140565916127DFA006EC70A /* Resources */,
			);
			buildRules = (
			);
			dependencies = (
			);
			name = "Project-1";
			productName = "Project-1";
			productReference = 3140565B16127DFA006EC70A /* Project-1.app */;
			productType = "com.apple.product-type.application";
		};
		3140567516127DFA006EC70A /* Project-1Tests */ = {
			isa = PBXNativeTarget;
			buildConfigurationList = 3140568B16127DFA006EC70A /* Build configuration list for PBXNativeTarget "Project-1Tests" */;
			buildPhases = (
				3140567116127DFA006EC70A /* Sources */,
				3140567216127DFA006EC70A /* Frameworks */,
				3140567316127DFA006EC70A /* Resources */,
				3140567416127DFA006EC70A /* ShellScript */,
			);
			buildRules = (
			);
			dependencies = (
				3140567C16127DFA006EC70A /* PBXTargetDependency */,
			);
			name = "Project-1Tests";
			productName = "Project-1Tests";
			productReference = 3140567616127DFA006EC70A /* Project-1Tests.octest */;
			productType = "com.apple.product-type.bundle";
		};
/* End PBXNativeTarget section */

/* Begin PBXProject section */
		3140565216127DFA006EC70A /* Project object */ = {
			isa = PBXProject;
			attributes = {
				LastUpgradeCheck = 0440;
				ORGANIZATIONNAME = "Zachery Hernandez";
			};
			buildConfigurationList = 3140565516127DFA006EC70A /* Build configuration list for PBXProject "Project-1" */;
			compatibilityVersion = "Xcode 3.2";
			developmentRegion = English;
			hasScannedForEncodings = 0;
			knownRegions = (
				en,
			);
			mainGroup = 3140565016127DFA006EC70A;
			productRefGroup = 3140565C16127DFA006EC70A /* Products */;
			projectDirPath = "";
			projectRoot = "";
			targets = (
				3140565A16127DFA006EC70A /* Project-1 */,
				3140567516127DFA006EC70A /* Project-1Tests */,
			);
		};
/* End PBXProject section */

/* Begin PBXResourcesBuildPhase section */
		3140565916127DFA006EC70A /* Resources */ = {
			isa = PBXResourcesBuildPhase;
			buildActionMask = 2147483647;
			files = (
				3140566A16127DFA006EC70A /* InfoPlist.strings in Resources */,
			);
			runOnlyForDeploymentPostprocessing = 0;
		};
		3140567316127DFA006EC70A /* Resources */ = {
			isa = PBXResourcesBuildPhase;
			buildActionMask = 2147483647;
			files = (
				3140568216127DFA006EC70A /* InfoPlist.strings in Resources */,
			);
			runOnlyForDeploymentPostprocessing = 0;
		};
/* End PBXResourcesBuildPhase section */

/* Begin PBXShellScriptBuildPhase section */
		3140567416127DFA006EC70A /* ShellScript */ = {
			isa = PBXShellScriptBuildPhase;
			buildActionMask = 2147483647;
			files = (
			);
			inputPaths = (
			);
			outputPaths = (
			);
			runOnlyForDeploymentPostprocessing = 0;
			shellPath = /bin/sh;
			shellScript = "# Run the unit tests in this test bundle.\n\"${SYSTEM_DEVELOPER_DIR}/Tools/RunUnitTests\"\n";
		};
/* End PBXShellScriptBuildPhase section */

/* Begin PBXSourcesBuildPhase section */
		3140565716127DFA006EC70A /* Sources */ = {
			isa = PBXSourcesBuildPhase;
			buildActionMask = 2147483647;
			files = (
				3140566C16127DFA006EC70A /* main.m in Sources */,
				31DA95F416137D81004A9C54 /* AppDelegate.m in Sources */,
			);
			runOnlyForDeploymentPostprocessing = 0;
		};
		3140567116127DFA006EC70A /* Sources */ = {
			isa = PBXSourcesBuildPhase;
			buildActionMask = 2147483647;
			files = (
				3140568516127DFA006EC70A /* Project_1Tests.m in Sources */,
			);
			runOnlyForDeploymentPostprocessing = 0;
		};
/* End PBXSourcesBuildPhase section */

/* Begin PBXTargetDependency section */
		3140567C16127DFA006EC70A /* PBXTargetDependency */ = {
			isa = PBXTargetDependency;
			target = 3140565A16127DFA006EC70A /* Project-1 */;
			targetProxy = 3140567B16127DFA006EC70A /* PBXContainerItemProxy */;
		};
/* End PBXTargetDependency section */

/* Begin PBXVariantGroup section */
		3140566816127DFA006EC70A /* InfoPlist.strings */ = {
			isa = PBXVariantGroup;
			children = (
				3140566916127DFA006EC70A /* en */,
			);
			name = InfoPlist.strings;
			sourceTree = "<group>";
		};
		3140568016127DFA006EC70A /* InfoPlist.strings */ = {
			isa = PBXVariantGroup;
			children = (
				3140568116127DFA006EC70A /* en */,
			);
			name = InfoPlist.strings;
			sourceTree = "<group>";
		};
/* End PBXVariantGroup section */

/* Begin XCBuildConfiguration section */
		3140568616127DFA006EC70A /* Debug */ = {
			isa = XCBuildConfiguration;
			buildSettings = {
				ALWAYS_SEARCH_USER_PATHS = NO;
				ARCHS = "$(ARCHS_STANDARD_32_BIT)";
				CLANG_CXX_LANGUAGE_STANDARD = "gnu++0x";
				CLANG_ENABLE_OBJC_ARC = YES;
				CLANG_WARN__DUPLICATE_METHOD_MATCH = YES;
				"CODE_SIGN_IDENTITY[sdk=iphoneos*]" = "iPhone Developer";
				COPY_PHASE_STRIP = NO;
				GCC_C_LANGUAGE_STANDARD = gnu99;
				GCC_DYNAMIC_NO_PIC = NO;
				GCC_OPTIMIZATION_LEVEL = 0;
				GCC_PREPROCESSOR_DEFINITIONS = (
					"DEBUG=1",
					"$(inherited)",
				);
				GCC_SYMBOLS_PRIVATE_EXTERN = NO;
				GCC_VERSION = com.apple.compilers.llvm.clang.1_0;
				GCC_WARN_ABOUT_RETURN_TYPE = YES;
				GCC_WARN_UNINITIALIZED_AUTOS = YES;
				GCC_WARN_UNUSED_VARIABLE = YES;
				IPHONEOS_DEPLOYMENT_TARGET = 5.1;
				SDKROOT = iphoneos;
				TARGETED_DEVICE_FAMILY = 2;
			};
			name = Debug;
		};
		3140568716127DFA006EC70A /* Release */ = {
			isa = XCBuildConfiguration;
			buildSettings = {
				ALWAYS_SEARCH_USER_PATHS = NO;
				ARCHS = "$(ARCHS_STANDARD_32_BIT)";
				CLANG_CXX_LANGUAGE_STANDARD = "gnu++0x";
				CLANG_ENABLE_OBJC_ARC = YES;
				CLANG_WARN__DUPLICATE_METHOD_MATCH = YES;
				"CODE_SIGN_IDENTITY[sdk=iphoneos*]" = "iPhone Developer";
				COPY_PHASE_STRIP = YES;
				GCC_C_LANGUAGE_STANDARD = gnu99;
				GCC_VERSION = com.apple.compilers.llvm.clang.1_0;
				GCC_WARN_ABOUT_RETURN_TYPE = YES;
				GCC_WARN_UNINITIALIZED_AUTOS = YES;
				GCC_WARN_UNUSED_VARIABLE = YES;
				IPHONEOS_DEPLOYMENT_TARGET = 5.1;
				OTHER_CFLAGS = "-DNS_BLOCK_ASSERTIONS=1";
				SDKROOT = iphoneos;
				TARGETED_DEVICE_FAMILY = 2;
				VALIDATE_PRODUCT = YES;
			};
			name = Release;
		};
		3140568916127DFA006EC70A /* Debug */ = {
			isa = XCBuildConfiguration;
			buildSettings = {
				GCC_PRECOMPILE_PREFIX_HEADER = YES;
				GCC_PREFIX_HEADER = "Project-1/Project-1-Prefix.pch";
				INFOPLIST_FILE = "Project-1/Project-1-Info.plist";
				PRODUCT_NAME = "$(TARGET_NAME)";
				WRAPPER_EXTENSION = app;
			};
			name = Debug;
		};
		3140568A16127DFA006EC70A /* Release */ = {
			isa = XCBuildConfiguration;
			buildSettings = {
				GCC_PRECOMPILE_PREFIX_HEADER = YES;
				GCC_PREFIX_HEADER = "Project-1/Project-1-Prefix.pch";
				INFOPLIST_FILE = "Project-1/Project-1-Info.plist";
				PRODUCT_NAME = "$(TARGET_NAME)";
				WRAPPER_EXTENSION = app;
			};
			name = Release;
		};
		3140568C16127DFA006EC70A /* Debug */ = {
			isa = XCBuildConfiguration;
			buildSettings = {
				BUNDLE_LOADER = "$(BUILT_PRODUCTS_DIR)/Project-1.app/Project-1";
				FRAMEWORK_SEARCH_PATHS = (
					"\"$(SDKROOT)/Developer/Library/Frameworks\"",
					"\"$(DEVELOPER_LIBRARY_DIR)/Frameworks\"",
				);
				GCC_PRECOMPILE_PREFIX_HEADER = YES;
				GCC_PREFIX_HEADER = "Project-1/Project-1-Prefix.pch";
				INFOPLIST_FILE = "Project-1Tests/Project-1Tests-Info.plist";
				PRODUCT_NAME = "$(TARGET_NAME)";
				TEST_HOST = "$(BUNDLE_LOADER)";
				WRAPPER_EXTENSION = octest;
			};
			name = Debug;
		};
		3140568D16127DFA006EC70A /* Release */ = {
			isa = XCBuildConfiguration;
			buildSettings = {
				BUNDLE_LOADER = "$(BUILT_PRODUCTS_DIR)/Project-1.app/Project-1";
				FRAMEWORK_SEARCH_PATHS = (
					"\"$(SDKROOT)/Developer/Library/Frameworks\"",
					"\"$(DEVELOPER_LIBRARY_DIR)/Frameworks\"",
				);
				GCC_PRECOMPILE_PREFIX_HEADER = YES;
				GCC_PREFIX_HEADER = "Project-1/Project-1-Prefix.pch";
				INFOPLIST_FILE = "Project-1Tests/Project-1Tests-Info.plist";
				PRODUCT_NAME = "$(TARGET_NAME)";
				TEST_HOST = "$(BUNDLE_LOADER)";
				WRAPPER_EXTENSION = octest;
			};
			name = Release;
		};
/* End XCBuildConfiguration section */

/* Begin XCConfigurationList section */
		3140565516127DFA006EC70A /* Build configuration list for PBXProject "Project-1" */ = {
			isa = XCConfigurationList;
			buildConfigurations = (
				3140568616127DFA006EC70A /* Debug */,
				3140568716127DFA006EC70A /* Release */,
			);
			defaultConfigurationIsVisible = 0;
			defaultConfigurationName = Release;
		};
		3140568816127DFA006EC70A /* Build configuration list for PBXNativeTarget "Project-1" */ = {
			isa = XCConfigurationList;
			buildConfigurations = (
				3140568916127DFA006EC70A /* Debug */,
				3140568A16127DFA006EC70A /* Release */,
			);
			defaultConfigurationIsVisible = 0;
			defaultConfigurationName = Release;
		};
		3140568B16127DFA006EC70A /* Build configuration list for PBXNativeTarget "Project-1Tests" */ = {
			isa = XCConfigurationList;
			buildConfigurations = (
				3140568C16127DFA006EC70A /* Debug */,
				3140568D16127DFA006EC70A /* Release */,
			);
			defaultConfigurationIsVisible = 0;
			defaultConfigurationName = Release;
		};
/* End XCConfigurationList section */
	};
	rootObject = 3140565216127DFA006EC70A /* Project object */;
}
