// !$*UTF8*$!
{
	archiveVersion = 1;
	classes = {
	};
	objectVersion = 46;
	objects = {

/* Begin PBXBuildFile section */
		310191A91620D17F00687F35 /* UIKit.framework in Frameworks */ = {isa = PBXBuildFile; fileRef = 310191A81620D17F00687F35 /* UIKit.framework */; };
		310191AB1620D17F00687F35 /* Foundation.framework in Frameworks */ = {isa = PBXBuildFile; fileRef = 310191AA1620D17F00687F35 /* Foundation.framework */; };
		310191AD1620D17F00687F35 /* CoreGraphics.framework in Frameworks */ = {isa = PBXBuildFile; fileRef = 310191AC1620D17F00687F35 /* CoreGraphics.framework */; };
		310191B31620D17F00687F35 /* InfoPlist.strings in Resources */ = {isa = PBXBuildFile; fileRef = 310191B11620D17F00687F35 /* InfoPlist.strings */; };
		310191B51620D17F00687F35 /* main.m in Sources */ = {isa = PBXBuildFile; fileRef = 310191B41620D17F00687F35 /* main.m */; };
		310191B91620D17F00687F35 /* AppDelegate.m in Sources */ = {isa = PBXBuildFile; fileRef = 310191B81620D17F00687F35 /* AppDelegate.m */; };
		310191BC1620D17F00687F35 /* MainStoryboard.storyboard in Resources */ = {isa = PBXBuildFile; fileRef = 310191BA1620D17F00687F35 /* MainStoryboard.storyboard */; };
		310191BF1620D17F00687F35 /* ViewController.m in Sources */ = {isa = PBXBuildFile; fileRef = 310191BE1620D17F00687F35 /* ViewController.m */; };
		310191C71620D18000687F35 /* SenTestingKit.framework in Frameworks */ = {isa = PBXBuildFile; fileRef = 310191C61620D18000687F35 /* SenTestingKit.framework */; };
		310191C81620D18000687F35 /* UIKit.framework in Frameworks */ = {isa = PBXBuildFile; fileRef = 310191A81620D17F00687F35 /* UIKit.framework */; };
		310191C91620D18000687F35 /* Foundation.framework in Frameworks */ = {isa = PBXBuildFile; fileRef = 310191AA1620D17F00687F35 /* Foundation.framework */; };
		310191D11620D18000687F35 /* InfoPlist.strings in Resources */ = {isa = PBXBuildFile; fileRef = 310191CF1620D18000687F35 /* InfoPlist.strings */; };
		310191D41620D18000687F35 /* Project_3Tests.m in Sources */ = {isa = PBXBuildFile; fileRef = 310191D31620D18000687F35 /* Project_3Tests.m */; };
/* End PBXBuildFile section */

/* Begin PBXContainerItemProxy section */
		310191CA1620D18000687F35 /* PBXContainerItemProxy */ = {
			isa = PBXContainerItemProxy;
			containerPortal = 3101919B1620D17F00687F35 /* Project object */;
			proxyType = 1;
			remoteGlobalIDString = 310191A31620D17F00687F35;
			remoteInfo = "Project-3";
		};
/* End PBXContainerItemProxy section */

/* Begin PBXFileReference section */
		310191A41620D17F00687F35 /* Project-3.app */ = {isa = PBXFileReference; explicitFileType = wrapper.application; includeInIndex = 0; path = "Project-3.app"; sourceTree = BUILT_PRODUCTS_DIR; };
		310191A81620D17F00687F35 /* UIKit.framework */ = {isa = PBXFileReference; lastKnownFileType = wrapper.framework; name = UIKit.framework; path = System/Library/Frameworks/UIKit.framework; sourceTree = SDKROOT; };
		310191AA1620D17F00687F35 /* Foundation.framework */ = {isa = PBXFileReference; lastKnownFileType = wrapper.framework; name = Foundation.framework; path = System/Library/Frameworks/Foundation.framework; sourceTree = SDKROOT; };
		310191AC1620D17F00687F35 /* CoreGraphics.framework */ = {isa = PBXFileReference; lastKnownFileType = wrapper.framework; name = CoreGraphics.framework; path = System/Library/Frameworks/CoreGraphics.framework; sourceTree = SDKROOT; };
		310191B01620D17F00687F35 /* Project-3-Info.plist */ = {isa = PBXFileReference; lastKnownFileType = text.plist.xml; path = "Project-3-Info.plist"; sourceTree = "<group>"; };
		310191B21620D17F00687F35 /* en */ = {isa = PBXFileReference; lastKnownFileType = text.plist.strings; name = en; path = en.lproj/InfoPlist.strings; sourceTree = "<group>"; };
		310191B41620D17F00687F35 /* main.m */ = {isa = PBXFileReference; lastKnownFileType = sourcecode.c.objc; path = main.m; sourceTree = "<group>"; };
		310191B61620D17F00687F35 /* Project-3-Prefix.pch */ = {isa = PBXFileReference; lastKnownFileType = sourcecode.c.h; path = "Project-3-Prefix.pch"; sourceTree = "<group>"; };
		310191B71620D17F00687F35 /* AppDelegate.h */ = {isa = PBXFileReference; lastKnownFileType = sourcecode.c.h; path = AppDelegate.h; sourceTree = "<group>"; };
		310191B81620D17F00687F35 /* AppDelegate.m */ = {isa = PBXFileReference; lastKnownFileType = sourcecode.c.objc; path = AppDelegate.m; sourceTree = "<group>"; };
		310191BB1620D17F00687F35 /* en */ = {isa = PBXFileReference; lastKnownFileType = file.storyboard; name = en; path = en.lproj/MainStoryboard.storyboard; sourceTree = "<group>"; };
		310191BD1620D17F00687F35 /* ViewController.h */ = {isa = PBXFileReference; lastKnownFileType = sourcecode.c.h; path = ViewController.h; sourceTree = "<group>"; };
		310191BE1620D17F00687F35 /* ViewController.m */ = {isa = PBXFileReference; lastKnownFileType = sourcecode.c.objc; path = ViewController.m; sourceTree = "<group>"; };
		310191C51620D18000687F35 /* Project-3Tests.octest */ = {isa = PBXFileReference; explicitFileType = wrapper.cfbundle; includeInIndex = 0; path = "Project-3Tests.octest"; sourceTree = BUILT_PRODUCTS_DIR; };
		310191C61620D18000687F35 /* SenTestingKit.framework */ = {isa = PBXFileReference; lastKnownFileType = wrapper.framework; name = SenTestingKit.framework; path = Library/Frameworks/SenTestingKit.framework; sourceTree = DEVELOPER_DIR; };
		310191CE1620D18000687F35 /* Project-3Tests-Info.plist */ = {isa = PBXFileReference; lastKnownFileType = text.plist.xml; path = "Project-3Tests-Info.plist"; sourceTree = "<group>"; };
		310191D01620D18000687F35 /* en */ = {isa = PBXFileReference; lastKnownFileType = text.plist.strings; name = en; path = en.lproj/InfoPlist.strings; sourceTree = "<group>"; };
		310191D21620D18000687F35 /* Project_3Tests.h */ = {isa = PBXFileReference; lastKnownFileType = sourcecode.c.h; path = Project_3Tests.h; sourceTree = "<group>"; };
		310191D31620D18000687F35 /* Project_3Tests.m */ = {isa = PBXFileReference; lastKnownFileType = sourcecode.c.objc; path = Project_3Tests.m; sourceTree = "<group>"; };
/* End PBXFileReference section */

/* Begin PBXFrameworksBuildPhase section */
		310191A11620D17F00687F35 /* Frameworks */ = {
			isa = PBXFrameworksBuildPhase;
			buildActionMask = 2147483647;
			files = (
				310191A91620D17F00687F35 /* UIKit.framework in Frameworks */,
				310191AB1620D17F00687F35 /* Foundation.framework in Frameworks */,
				310191AD1620D17F00687F35 /* CoreGraphics.framework in Frameworks */,
			);
			runOnlyForDeploymentPostprocessing = 0;
		};
		310191C11620D18000687F35 /* Frameworks */ = {
			isa = PBXFrameworksBuildPhase;
			buildActionMask = 2147483647;
			files = (
				310191C71620D18000687F35 /* SenTestingKit.framework in Frameworks */,
				310191C81620D18000687F35 /* UIKit.framework in Frameworks */,
				310191C91620D18000687F35 /* Foundation.framework in Frameworks */,
			);
			runOnlyForDeploymentPostprocessing = 0;
		};
/* End PBXFrameworksBuildPhase section */

/* Begin PBXGroup section */
		310191991620D17F00687F35 = {
			isa = PBXGroup;
			children = (
				310191AE1620D17F00687F35 /* Project-3 */,
				310191CC1620D18000687F35 /* Project-3Tests */,
				310191A71620D17F00687F35 /* Frameworks */,
				310191A51620D17F00687F35 /* Products */,
			);
			sourceTree = "<group>";
		};
		310191A51620D17F00687F35 /* Products */ = {
			isa = PBXGroup;
			children = (
				310191A41620D17F00687F35 /* Project-3.app */,
				310191C51620D18000687F35 /* Project-3Tests.octest */,
			);
			name = Products;
			sourceTree = "<group>";
		};
		310191A71620D17F00687F35 /* Frameworks */ = {
			isa = PBXGroup;
			children = (
				310191A81620D17F00687F35 /* UIKit.framework */,
				310191AA1620D17F00687F35 /* Foundation.framework */,
				310191AC1620D17F00687F35 /* CoreGraphics.framework */,
				310191C61620D18000687F35 /* SenTestingKit.framework */,
			);
			name = Frameworks;
			sourceTree = "<group>";
		};
		310191AE1620D17F00687F35 /* Project-3 */ = {
			isa = PBXGroup;
			children = (
				310191B71620D17F00687F35 /* AppDelegate.h */,
				310191B81620D17F00687F35 /* AppDelegate.m */,
				310191BA1620D17F00687F35 /* MainStoryboard.storyboard */,
				310191BD1620D17F00687F35 /* ViewController.h */,
				310191BE1620D17F00687F35 /* ViewController.m */,
				310191AF1620D17F00687F35 /* Supporting Files */,
			);
			path = "Project-3";
			sourceTree = "<group>";
		};
		310191AF1620D17F00687F35 /* Supporting Files */ = {
			isa = PBXGroup;
			children = (
				310191B01620D17F00687F35 /* Project-3-Info.plist */,
				310191B11620D17F00687F35 /* InfoPlist.strings */,
				310191B41620D17F00687F35 /* main.m */,
				310191B61620D17F00687F35 /* Project-3-Prefix.pch */,
			);
			name = "Supporting Files";
			sourceTree = "<group>";
		};
		310191CC1620D18000687F35 /* Project-3Tests */ = {
			isa = PBXGroup;
			children = (
				310191D21620D18000687F35 /* Project_3Tests.h */,
				310191D31620D18000687F35 /* Project_3Tests.m */,
				310191CD1620D18000687F35 /* Supporting Files */,
			);
			path = "Project-3Tests";
			sourceTree = "<group>";
		};
		310191CD1620D18000687F35 /* Supporting Files */ = {
			isa = PBXGroup;
			children = (
				310191CE1620D18000687F35 /* Project-3Tests-Info.plist */,
				310191CF1620D18000687F35 /* InfoPlist.strings */,
			);
			name = "Supporting Files";
			sourceTree = "<group>";
		};
/* End PBXGroup section */

/* Begin PBXNativeTarget section */
		310191A31620D17F00687F35 /* Project-3 */ = {
			isa = PBXNativeTarget;
			buildConfigurationList = 310191D71620D18000687F35 /* Build configuration list for PBXNativeTarget "Project-3" */;
			buildPhases = (
				310191A01620D17F00687F35 /* Sources */,
				310191A11620D17F00687F35 /* Frameworks */,
				310191A21620D17F00687F35 /* Resources */,
			);
			buildRules = (
			);
			dependencies = (
			);
			name = "Project-3";
			productName = "Project-3";
			productReference = 310191A41620D17F00687F35 /* Project-3.app */;
			productType = "com.apple.product-type.application";
		};
		310191C41620D18000687F35 /* Project-3Tests */ = {
			isa = PBXNativeTarget;
			buildConfigurationList = 310191DA1620D18000687F35 /* Build configuration list for PBXNativeTarget "Project-3Tests" */;
			buildPhases = (
				310191C01620D18000687F35 /* Sources */,
				310191C11620D18000687F35 /* Frameworks */,
				310191C21620D18000687F35 /* Resources */,
				310191C31620D18000687F35 /* ShellScript */,
			);
			buildRules = (
			);
			dependencies = (
				310191CB1620D18000687F35 /* PBXTargetDependency */,
			);
			name = "Project-3Tests";
			productName = "Project-3Tests";
			productReference = 310191C51620D18000687F35 /* Project-3Tests.octest */;
			productType = "com.apple.product-type.bundle";
		};
/* End PBXNativeTarget section */

/* Begin PBXProject section */
		3101919B1620D17F00687F35 /* Project object */ = {
			isa = PBXProject;
			attributes = {
				LastUpgradeCheck = 0440;
				ORGANIZATIONNAME = "Zachery Hernandez";
			};
			buildConfigurationList = 3101919E1620D17F00687F35 /* Build configuration list for PBXProject "Project-3" */;
			compatibilityVersion = "Xcode 3.2";
			developmentRegion = English;
			hasScannedForEncodings = 0;
			knownRegions = (
				en,
			);
			mainGroup = 310191991620D17F00687F35;
			productRefGroup = 310191A51620D17F00687F35 /* Products */;
			projectDirPath = "";
			projectRoot = "";
			targets = (
				310191A31620D17F00687F35 /* Project-3 */,
				310191C41620D18000687F35 /* Project-3Tests */,
			);
		};
/* End PBXProject section */

/* Begin PBXResourcesBuildPhase section */
		310191A21620D17F00687F35 /* Resources */ = {
			isa = PBXResourcesBuildPhase;
			buildActionMask = 2147483647;
			files = (
				310191B31620D17F00687F35 /* InfoPlist.strings in Resources */,
				310191BC1620D17F00687F35 /* MainStoryboard.storyboard in Resources */,
			);
			runOnlyForDeploymentPostprocessing = 0;
		};
		310191C21620D18000687F35 /* Resources */ = {
			isa = PBXResourcesBuildPhase;
			buildActionMask = 2147483647;
			files = (
				310191D11620D18000687F35 /* InfoPlist.strings in Resources */,
			);
			runOnlyForDeploymentPostprocessing = 0;
		};
/* End PBXResourcesBuildPhase section */

/* Begin PBXShellScriptBuildPhase section */
		310191C31620D18000687F35 /* ShellScript */ = {
			isa = PBXShellScriptBuildPhase;
			buildActionMask = 2147483647;
			files = (
			);
			inputPaths = (
			);
			outputPaths = (
			);
			runOnlyForDeploymentPostprocessing = 0;
			shellPath = /bin/sh;
			shellScript = "# Run the unit tests in this test bundle.\n\"${SYSTEM_DEVELOPER_DIR}/Tools/RunUnitTests\"\n";
		};
/* End PBXShellScriptBuildPhase section */

/* Begin PBXSourcesBuildPhase section */
		310191A01620D17F00687F35 /* Sources */ = {
			isa = PBXSourcesBuildPhase;
			buildActionMask = 2147483647;
			files = (
				310191B51620D17F00687F35 /* main.m in Sources */,
				310191B91620D17F00687F35 /* AppDelegate.m in Sources */,
				310191BF1620D17F00687F35 /* ViewController.m in Sources */,
			);
			runOnlyForDeploymentPostprocessing = 0;
		};
		310191C01620D18000687F35 /* Sources */ = {
			isa = PBXSourcesBuildPhase;
			buildActionMask = 2147483647;
			files = (
				310191D41620D18000687F35 /* Project_3Tests.m in Sources */,
			);
			runOnlyForDeploymentPostprocessing = 0;
		};
/* End PBXSourcesBuildPhase section */

/* Begin PBXTargetDependency section */
		310191CB1620D18000687F35 /* PBXTargetDependency */ = {
			isa = PBXTargetDependency;
			target = 310191A31620D17F00687F35 /* Project-3 */;
			targetProxy = 310191CA1620D18000687F35 /* PBXContainerItemProxy */;
		};
/* End PBXTargetDependency section */

/* Begin PBXVariantGroup section */
		310191B11620D17F00687F35 /* InfoPlist.strings */ = {
			isa = PBXVariantGroup;
			children = (
				310191B21620D17F00687F35 /* en */,
			);
			name = InfoPlist.strings;
			sourceTree = "<group>";
		};
		310191BA1620D17F00687F35 /* MainStoryboard.storyboard */ = {
			isa = PBXVariantGroup;
			children = (
				310191BB1620D17F00687F35 /* en */,
			);
			name = MainStoryboard.storyboard;
			sourceTree = "<group>";
		};
		310191CF1620D18000687F35 /* InfoPlist.strings */ = {
			isa = PBXVariantGroup;
			children = (
				310191D01620D18000687F35 /* en */,
			);
			name = InfoPlist.strings;
			sourceTree = "<group>";
		};
/* End PBXVariantGroup section */

/* Begin XCBuildConfiguration section */
		310191D51620D18000687F35 /* Debug */ = {
			isa = XCBuildConfiguration;
			buildSettings = {
				ALWAYS_SEARCH_USER_PATHS = NO;
				ARCHS = "$(ARCHS_STANDARD_32_BIT)";
				CLANG_CXX_LANGUAGE_STANDARD = "gnu++0x";
				CLANG_ENABLE_OBJC_ARC = YES;
				CLANG_WARN__DUPLICATE_METHOD_MATCH = YES;
				"CODE_SIGN_IDENTITY[sdk=iphoneos*]" = "iPhone Developer";
				COPY_PHASE_STRIP = NO;
				GCC_C_LANGUAGE_STANDARD = gnu99;
				GCC_DYNAMIC_NO_PIC = NO;
				GCC_OPTIMIZATION_LEVEL = 0;
				GCC_PREPROCESSOR_DEFINITIONS = (
					"DEBUG=1",
					"$(inherited)",
				);
				GCC_SYMBOLS_PRIVATE_EXTERN = NO;
				GCC_VERSION = com.apple.compilers.llvm.clang.1_0;
				GCC_WARN_ABOUT_RETURN_TYPE = YES;
				GCC_WARN_UNINITIALIZED_AUTOS = YES;
				GCC_WARN_UNUSED_VARIABLE = YES;
				IPHONEOS_DEPLOYMENT_TARGET = 5.1;
				SDKROOT = iphoneos;
				TARGETED_DEVICE_FAMILY = 2;
			};
			name = Debug;
		};
		310191D61620D18000687F35 /* Release */ = {
			isa = XCBuildConfiguration;
			buildSettings = {
				ALWAYS_SEARCH_USER_PATHS = NO;
				ARCHS = "$(ARCHS_STANDARD_32_BIT)";
				CLANG_CXX_LANGUAGE_STANDARD = "gnu++0x";
				CLANG_ENABLE_OBJC_ARC = YES;
				CLANG_WARN__DUPLICATE_METHOD_MATCH = YES;
				"CODE_SIGN_IDENTITY[sdk=iphoneos*]" = "iPhone Developer";
				COPY_PHASE_STRIP = YES;
				GCC_C_LANGUAGE_STANDARD = gnu99;
				GCC_VERSION = com.apple.compilers.llvm.clang.1_0;
				GCC_WARN_ABOUT_RETURN_TYPE = YES;
				GCC_WARN_UNINITIALIZED_AUTOS = YES;
				GCC_WARN_UNUSED_VARIABLE = YES;
				IPHONEOS_DEPLOYMENT_TARGET = 5.1;
				OTHER_CFLAGS = "-DNS_BLOCK_ASSERTIONS=1";
				SDKROOT = iphoneos;
				TARGETED_DEVICE_FAMILY = 2;
				VALIDATE_PRODUCT = YES;
			};
			name = Release;
		};
		310191D81620D18000687F35 /* Debug */ = {
			isa = XCBuildConfiguration;
			buildSettings = {
				GCC_PRECOMPILE_PREFIX_HEADER = YES;
				GCC_PREFIX_HEADER = "Project-3/Project-3-Prefix.pch";
				INFOPLIST_FILE = "Project-3/Project-3-Info.plist";
				PRODUCT_NAME = "$(TARGET_NAME)";
				WRAPPER_EXTENSION = app;
			};
			name = Debug;
		};
		310191D91620D18000687F35 /* Release */ = {
			isa = XCBuildConfiguration;
			buildSettings = {
				GCC_PRECOMPILE_PREFIX_HEADER = YES;
				GCC_PREFIX_HEADER = "Project-3/Project-3-Prefix.pch";
				INFOPLIST_FILE = "Project-3/Project-3-Info.plist";
				PRODUCT_NAME = "$(TARGET_NAME)";
				WRAPPER_EXTENSION = app;
			};
			name = Release;
		};
		310191DB1620D18000687F35 /* Debug */ = {
			isa = XCBuildConfiguration;
			buildSettings = {
				BUNDLE_LOADER = "$(BUILT_PRODUCTS_DIR)/Project-3.app/Project-3";
				FRAMEWORK_SEARCH_PATHS = (
					"\"$(SDKROOT)/Developer/Library/Frameworks\"",
					"\"$(DEVELOPER_LIBRARY_DIR)/Frameworks\"",
				);
				GCC_PRECOMPILE_PREFIX_HEADER = YES;
				GCC_PREFIX_HEADER = "Project-3/Project-3-Prefix.pch";
				INFOPLIST_FILE = "Project-3Tests/Project-3Tests-Info.plist";
				PRODUCT_NAME = "$(TARGET_NAME)";
				TEST_HOST = "$(BUNDLE_LOADER)";
				WRAPPER_EXTENSION = octest;
			};
			name = Debug;
		};
		310191DC1620D18000687F35 /* Release */ = {
			isa = XCBuildConfiguration;
			buildSettings = {
				BUNDLE_LOADER = "$(BUILT_PRODUCTS_DIR)/Project-3.app/Project-3";
				FRAMEWORK_SEARCH_PATHS = (
					"\"$(SDKROOT)/Developer/Library/Frameworks\"",
					"\"$(DEVELOPER_LIBRARY_DIR)/Frameworks\"",
				);
				GCC_PRECOMPILE_PREFIX_HEADER = YES;
				GCC_PREFIX_HEADER = "Project-3/Project-3-Prefix.pch";
				INFOPLIST_FILE = "Project-3Tests/Project-3Tests-Info.plist";
				PRODUCT_NAME = "$(TARGET_NAME)";
				TEST_HOST = "$(BUNDLE_LOADER)";
				WRAPPER_EXTENSION = octest;
			};
			name = Release;
		};
/* End XCBuildConfiguration section */

/* Begin XCConfigurationList section */
		3101919E1620D17F00687F35 /* Build configuration list for PBXProject "Project-3" */ = {
			isa = XCConfigurationList;
			buildConfigurations = (
				310191D51620D18000687F35 /* Debug */,
				310191D61620D18000687F35 /* Release */,
			);
			defaultConfigurationIsVisible = 0;
			defaultConfigurationName = Release;
		};
		310191D71620D18000687F35 /* Build configuration list for PBXNativeTarget "Project-3" */ = {
			isa = XCConfigurationList;
			buildConfigurations = (
				310191D81620D18000687F35 /* Debug */,
				310191D91620D18000687F35 /* Release */,
			);
			defaultConfigurationIsVisible = 0;
		};
		310191DA1620D18000687F35 /* Build configuration list for PBXNativeTarget "Project-3Tests" */ = {
			isa = XCConfigurationList;
			buildConfigurations = (
				310191DB1620D18000687F35 /* Debug */,
				310191DC1620D18000687F35 /* Release */,
			);
			defaultConfigurationIsVisible = 0;
		};
/* End XCConfigurationList section */
	};
	rootObject = 3101919B1620D17F00687F35 /* Project object */;
}
